// !$*UTF8*$!
{
	archiveVersion = 1;
	classes = {
	};
	objectVersion = 56;
	objects = {

/* Begin PBXBuildFile section */
		4D80C73D2AB4969100890073 /* InfoAboutRoom.swift in Sources */ = {isa = PBXBuildFile; fileRef = 4D80C73C2AB4969100890073 /* InfoAboutRoom.swift */; };
		4D80C7402AB49A1E00890073 /* ReservationRoom.swift in Sources */ = {isa = PBXBuildFile; fileRef = 4D80C73F2AB49A1E00890073 /* ReservationRoom.swift */; };
		4D80C7432AB49CF900890073 /* ReservationRoomSectionOne.swift in Sources */ = {isa = PBXBuildFile; fileRef = 4D80C7422AB49CF900890073 /* ReservationRoomSectionOne.swift */; };
		4D80C7452AB49D3500890073 /* ReservationRoomSectionTwo.swift in Sources */ = {isa = PBXBuildFile; fileRef = 4D80C7442AB49D3500890073 /* ReservationRoomSectionTwo.swift */; };
		4D80C7472AB49D7900890073 /* ModelReservatingInfo.swift in Sources */ = {isa = PBXBuildFile; fileRef = 4D80C7462AB49D7900890073 /* ModelReservatingInfo.swift */; };
		4D80C7492AB4AB1D00890073 /* ReservationRoomSectionThree.swift in Sources */ = {isa = PBXBuildFile; fileRef = 4D80C7482AB4AB1D00890073 /* ReservationRoomSectionThree.swift */; };
		4D80C74C2AB4B8D400890073 /* ReservationRoomSectionFour.swift in Sources */ = {isa = PBXBuildFile; fileRef = 4D80C74B2AB4B8D400890073 /* ReservationRoomSectionFour.swift */; };
		4D80C74E2AB4BF9B00890073 /* ReservationRoomSectionFive.swift in Sources */ = {isa = PBXBuildFile; fileRef = 4D80C74D2AB4BF9B00890073 /* ReservationRoomSectionFive.swift */; };
		4D80C7502AB4C01A00890073 /* ReservationRoomSectionSix.swift in Sources */ = {isa = PBXBuildFile; fileRef = 4D80C74F2AB4C01A00890073 /* ReservationRoomSectionSix.swift */; };
		4D80C7522AB4C0A500890073 /* ReservationRoomSectionSeven.swift in Sources */ = {isa = PBXBuildFile; fileRef = 4D80C7512AB4C0A500890073 /* ReservationRoomSectionSeven.swift */; };
		4D80C7542AB4C10000890073 /* ModelDetailedPrice.swift in Sources */ = {isa = PBXBuildFile; fileRef = 4D80C7532AB4C10000890073 /* ModelDetailedPrice.swift */; };
		4DBDC3BB2AB463210019FF7A /* HotelSwiftUIApp.swift in Sources */ = {isa = PBXBuildFile; fileRef = 4DBDC3BA2AB463210019FF7A /* HotelSwiftUIApp.swift */; };
		4DBDC3BD2AB463210019FF7A /* ContentView.swift in Sources */ = {isa = PBXBuildFile; fileRef = 4DBDC3BC2AB463210019FF7A /* ContentView.swift */; };
		4DBDC3BF2AB463210019FF7A /* Assets.xcassets in Resources */ = {isa = PBXBuildFile; fileRef = 4DBDC3BE2AB463210019FF7A /* Assets.xcassets */; };
		4DBDC3C22AB463210019FF7A /* Preview Assets.xcassets in Resources */ = {isa = PBXBuildFile; fileRef = 4DBDC3C12AB463210019FF7A /* Preview Assets.xcassets */; };
		4DBDC3CE2AB464F70019FF7A /* ModelCaruselPhoto.swift in Sources */ = {isa = PBXBuildFile; fileRef = 4DBDC3CD2AB464F70019FF7A /* ModelCaruselPhoto.swift */; };
		4DBDC3D42AB465580019FF7A /* ModelAdvantagesHotel.swift in Sources */ = {isa = PBXBuildFile; fileRef = 4DBDC3D32AB465580019FF7A /* ModelAdvantagesHotel.swift */; };
		4DBDC3D62AB465780019FF7A /* ModelServisHomeHotel.swift in Sources */ = {isa = PBXBuildFile; fileRef = 4DBDC3D52AB465780019FF7A /* ModelServisHomeHotel.swift */; };
		4DBDC3D82AB465B20019FF7A /* HomeHotel.swift in Sources */ = {isa = PBXBuildFile; fileRef = 4DBDC3D72AB465B20019FF7A /* HomeHotel.swift */; };
		4DBDC3DA2AB465F50019FF7A /* HomeHotelSectionOne.swift in Sources */ = {isa = PBXBuildFile; fileRef = 4DBDC3D92AB465F50019FF7A /* HomeHotelSectionOne.swift */; };
		4DBDC3DC2AB466080019FF7A /* HomeHotelSectionTwo.swift in Sources */ = {isa = PBXBuildFile; fileRef = 4DBDC3DB2AB466080019FF7A /* HomeHotelSectionTwo.swift */; };
		4DBDC3DE2AB4662B0019FF7A /* RoomsHotel.swift in Sources */ = {isa = PBXBuildFile; fileRef = 4DBDC3DD2AB4662B0019FF7A /* RoomsHotel.swift */; };
		4DBDC3E02AB466630019FF7A /* ServicesHomeHotel.swift in Sources */ = {isa = PBXBuildFile; fileRef = 4DBDC3DF2AB466630019FF7A /* ServicesHomeHotel.swift */; };
		4DBDC3E22AB4667E0019FF7A /* RatingNameLocetionHotel.swift in Sources */ = {isa = PBXBuildFile; fileRef = 4DBDC3E12AB4667E0019FF7A /* RatingNameLocetionHotel.swift */; };
		4DBDC3E42AB466970019FF7A /* CarouselPhoto.swift in Sources */ = {isa = PBXBuildFile; fileRef = 4DBDC3E32AB466970019FF7A /* CarouselPhoto.swift */; };
		4DBDC3E62AB466AC0019FF7A /* Price.swift in Sources */ = {isa = PBXBuildFile; fileRef = 4DBDC3E52AB466AC0019FF7A /* Price.swift */; };
		4DBDC3E82AB466C00019FF7A /* AdvantagesHotel.swift in Sources */ = {isa = PBXBuildFile; fileRef = 4DBDC3E72AB466C00019FF7A /* AdvantagesHotel.swift */; };
		4DBDC3EA2AB466E40019FF7A /* HotelInformation.swift in Sources */ = {isa = PBXBuildFile; fileRef = 4DBDC3E92AB466E40019FF7A /* HotelInformation.swift */; };
/* End PBXBuildFile section */

/* Begin PBXFileReference section */
		4D80C73C2AB4969100890073 /* InfoAboutRoom.swift */ = {isa = PBXFileReference; lastKnownFileType = sourcecode.swift; path = InfoAboutRoom.swift; sourceTree = "<group>"; };
		4D80C73F2AB49A1E00890073 /* ReservationRoom.swift */ = {isa = PBXFileReference; lastKnownFileType = sourcecode.swift; path = ReservationRoom.swift; sourceTree = "<group>"; };
		4D80C7422AB49CF900890073 /* ReservationRoomSectionOne.swift */ = {isa = PBXFileReference; lastKnownFileType = sourcecode.swift; path = ReservationRoomSectionOne.swift; sourceTree = "<group>"; };
		4D80C7442AB49D3500890073 /* ReservationRoomSectionTwo.swift */ = {isa = PBXFileReference; lastKnownFileType = sourcecode.swift; path = ReservationRoomSectionTwo.swift; sourceTree = "<group>"; };
		4D80C7462AB49D7900890073 /* ModelReservatingInfo.swift */ = {isa = PBXFileReference; lastKnownFileType = sourcecode.swift; path = ModelReservatingInfo.swift; sourceTree = "<group>"; };
		4D80C7482AB4AB1D00890073 /* ReservationRoomSectionThree.swift */ = {isa = PBXFileReference; lastKnownFileType = sourcecode.swift; path = ReservationRoomSectionThree.swift; sourceTree = "<group>"; };
		4D80C74B2AB4B8D400890073 /* ReservationRoomSectionFour.swift */ = {isa = PBXFileReference; lastKnownFileType = sourcecode.swift; path = ReservationRoomSectionFour.swift; sourceTree = "<group>"; };
		4D80C74D2AB4BF9B00890073 /* ReservationRoomSectionFive.swift */ = {isa = PBXFileReference; lastKnownFileType = sourcecode.swift; path = ReservationRoomSectionFive.swift; sourceTree = "<group>"; };
		4D80C74F2AB4C01A00890073 /* ReservationRoomSectionSix.swift */ = {isa = PBXFileReference; lastKnownFileType = sourcecode.swift; path = ReservationRoomSectionSix.swift; sourceTree = "<group>"; };
		4D80C7512AB4C0A500890073 /* ReservationRoomSectionSeven.swift */ = {isa = PBXFileReference; lastKnownFileType = sourcecode.swift; path = ReservationRoomSectionSeven.swift; sourceTree = "<group>"; };
		4D80C7532AB4C10000890073 /* ModelDetailedPrice.swift */ = {isa = PBXFileReference; lastKnownFileType = sourcecode.swift; path = ModelDetailedPrice.swift; sourceTree = "<group>"; };
		4DBDC3B72AB463210019FF7A /* HotelSwiftUI.app */ = {isa = PBXFileReference; explicitFileType = wrapper.application; includeInIndex = 0; path = HotelSwiftUI.app; sourceTree = BUILT_PRODUCTS_DIR; };
		4DBDC3BA2AB463210019FF7A /* HotelSwiftUIApp.swift */ = {isa = PBXFileReference; lastKnownFileType = sourcecode.swift; path = HotelSwiftUIApp.swift; sourceTree = "<group>"; };
		4DBDC3BC2AB463210019FF7A /* ContentView.swift */ = {isa = PBXFileReference; lastKnownFileType = sourcecode.swift; path = ContentView.swift; sourceTree = "<group>"; };
		4DBDC3BE2AB463210019FF7A /* Assets.xcassets */ = {isa = PBXFileReference; lastKnownFileType = folder.assetcatalog; path = Assets.xcassets; sourceTree = "<group>"; };
		4DBDC3C12AB463210019FF7A /* Preview Assets.xcassets */ = {isa = PBXFileReference; lastKnownFileType = folder.assetcatalog; path = "Preview Assets.xcassets"; sourceTree = "<group>"; };
		4DBDC3CD2AB464F70019FF7A /* ModelCaruselPhoto.swift */ = {isa = PBXFileReference; lastKnownFileType = sourcecode.swift; path = ModelCaruselPhoto.swift; sourceTree = "<group>"; };
		4DBDC3D32AB465580019FF7A /* ModelAdvantagesHotel.swift */ = {isa = PBXFileReference; lastKnownFileType = sourcecode.swift; path = ModelAdvantagesHotel.swift; sourceTree = "<group>"; };
		4DBDC3D52AB465780019FF7A /* ModelServisHomeHotel.swift */ = {isa = PBXFileReference; lastKnownFileType = sourcecode.swift; path = ModelServisHomeHotel.swift; sourceTree = "<group>"; };
		4DBDC3D72AB465B20019FF7A /* HomeHotel.swift */ = {isa = PBXFileReference; lastKnownFileType = sourcecode.swift; path = HomeHotel.swift; sourceTree = "<group>"; };
		4DBDC3D92AB465F50019FF7A /* HomeHotelSectionOne.swift */ = {isa = PBXFileReference; lastKnownFileType = sourcecode.swift; path = HomeHotelSectionOne.swift; sourceTree = "<group>"; };
		4DBDC3DB2AB466080019FF7A /* HomeHotelSectionTwo.swift */ = {isa = PBXFileReference; lastKnownFileType = sourcecode.swift; path = HomeHotelSectionTwo.swift; sourceTree = "<group>"; };
		4DBDC3DD2AB4662B0019FF7A /* RoomsHotel.swift */ = {isa = PBXFileReference; lastKnownFileType = sourcecode.swift; path = RoomsHotel.swift; sourceTree = "<group>"; };
		4DBDC3DF2AB466630019FF7A /* ServicesHomeHotel.swift */ = {isa = PBXFileReference; lastKnownFileType = sourcecode.swift; path = ServicesHomeHotel.swift; sourceTree = "<group>"; };
		4DBDC3E12AB4667E0019FF7A /* RatingNameLocetionHotel.swift */ = {isa = PBXFileReference; lastKnownFileType = sourcecode.swift; path = RatingNameLocetionHotel.swift; sourceTree = "<group>"; };
		4DBDC3E32AB466970019FF7A /* CarouselPhoto.swift */ = {isa = PBXFileReference; lastKnownFileType = sourcecode.swift; path = CarouselPhoto.swift; sourceTree = "<group>"; };
		4DBDC3E52AB466AC0019FF7A /* Price.swift */ = {isa = PBXFileReference; lastKnownFileType = sourcecode.swift; path = Price.swift; sourceTree = "<group>"; };
		4DBDC3E72AB466C00019FF7A /* AdvantagesHotel.swift */ = {isa = PBXFileReference; lastKnownFileType = sourcecode.swift; path = AdvantagesHotel.swift; sourceTree = "<group>"; };
		4DBDC3E92AB466E40019FF7A /* HotelInformation.swift */ = {isa = PBXFileReference; lastKnownFileType = sourcecode.swift; path = HotelInformation.swift; sourceTree = "<group>"; };
/* End PBXFileReference section */

/* Begin PBXFrameworksBuildPhase section */
		4DBDC3B42AB463210019FF7A /* Frameworks */ = {
			isa = PBXFrameworksBuildPhase;
			buildActionMask = 2147483647;
			files = (
			);
			runOnlyForDeploymentPostprocessing = 0;
		};
/* End PBXFrameworksBuildPhase section */

/* Begin PBXGroup section */
		4D80C73E2AB499F900890073 /* ReservationRoom */ = {
			isa = PBXGroup;
			children = (
				4D80C73F2AB49A1E00890073 /* ReservationRoom.swift */,
				4D80C7412AB49CCC00890073 /* SectionReservating */,
			);
			path = ReservationRoom;
			sourceTree = "<group>";
		};
		4D80C7412AB49CCC00890073 /* SectionReservating */ = {
			isa = PBXGroup;
			children = (
				4D80C7422AB49CF900890073 /* ReservationRoomSectionOne.swift */,
				4D80C7442AB49D3500890073 /* ReservationRoomSectionTwo.swift */,
				4D80C7482AB4AB1D00890073 /* ReservationRoomSectionThree.swift */,
				4D80C74B2AB4B8D400890073 /* ReservationRoomSectionFour.swift */,
				4D80C74D2AB4BF9B00890073 /* ReservationRoomSectionFive.swift */,
				4D80C74F2AB4C01A00890073 /* ReservationRoomSectionSix.swift */,
				4D80C7512AB4C0A500890073 /* ReservationRoomSectionSeven.swift */,
			);
			path = SectionReservating;
			sourceTree = "<group>";
		};
		4DBDC3AE2AB463210019FF7A = {
			isa = PBXGroup;
			children = (
				4DBDC3B92AB463210019FF7A /* HotelSwiftUI */,
				4DBDC3B82AB463210019FF7A /* Products */,
			);
			sourceTree = "<group>";
		};
		4DBDC3B82AB463210019FF7A /* Products */ = {
			isa = PBXGroup;
			children = (
				4DBDC3B72AB463210019FF7A /* HotelSwiftUI.app */,
			);
			name = Products;
			sourceTree = "<group>";
		};
		4DBDC3B92AB463210019FF7A /* HotelSwiftUI */ = {
			isa = PBXGroup;
			children = (
				4DBDC3BA2AB463210019FF7A /* HotelSwiftUIApp.swift */,
				4DBDC3BC2AB463210019FF7A /* ContentView.swift */,
				4DBDC3C92AB464260019FF7A /* Model */,
				4DBDC3C82AB464120019FF7A /* HomeHotel */,
				4DBDC3CB2AB4646F0019FF7A /* RoomsHotel */,
				4D80C73E2AB499F900890073 /* ReservationRoom */,
				4DBDC3CC2AB464B50019FF7A /* ReapitingElements */,
				4DBDC3BE2AB463210019FF7A /* Assets.xcassets */,
				4DBDC3C02AB463210019FF7A /* Preview Content */,
				4DBDC3E92AB466E40019FF7A /* HotelInformation.swift */,
			);
			path = HotelSwiftUI;
			sourceTree = "<group>";
		};
		4DBDC3C02AB463210019FF7A /* Preview Content */ = {
			isa = PBXGroup;
			children = (
				4DBDC3C12AB463210019FF7A /* Preview Assets.xcassets */,
			);
			path = "Preview Content";
			sourceTree = "<group>";
		};
		4DBDC3C82AB464120019FF7A /* HomeHotel */ = {
			isa = PBXGroup;
			children = (
				4DBDC3D72AB465B20019FF7A /* HomeHotel.swift */,
				4DBDC3CA2AB4644C0019FF7A /* SectionHome */,
				4DBDC3DF2AB466630019FF7A /* ServicesHomeHotel.swift */,
			);
			path = HomeHotel;
			sourceTree = "<group>";
		};
		4DBDC3C92AB464260019FF7A /* Model */ = {
			isa = PBXGroup;
			children = (
				4DBDC3CD2AB464F70019FF7A /* ModelCaruselPhoto.swift */,
				4DBDC3D52AB465780019FF7A /* ModelServisHomeHotel.swift */,
				4DBDC3D32AB465580019FF7A /* ModelAdvantagesHotel.swift */,
				4D80C7462AB49D7900890073 /* ModelReservatingInfo.swift */,
				4D80C7532AB4C10000890073 /* ModelDetailedPrice.swift */,
			);
			path = Model;
			sourceTree = "<group>";
		};
		4DBDC3CA2AB4644C0019FF7A /* SectionHome */ = {
			isa = PBXGroup;
			children = (
				4DBDC3D92AB465F50019FF7A /* HomeHotelSectionOne.swift */,
				4DBDC3DB2AB466080019FF7A /* HomeHotelSectionTwo.swift */,
			);
			path = SectionHome;
			sourceTree = "<group>";
		};
		4DBDC3CB2AB4646F0019FF7A /* RoomsHotel */ = {
			isa = PBXGroup;
			children = (
				4DBDC3DD2AB4662B0019FF7A /* RoomsHotel.swift */,
				4D80C73C2AB4969100890073 /* InfoAboutRoom.swift */,
			);
			path = RoomsHotel;
			sourceTree = "<group>";
		};
		4DBDC3CC2AB464B50019FF7A /* ReapitingElements */ = {
			isa = PBXGroup;
			children = (
				4DBDC3E12AB4667E0019FF7A /* RatingNameLocetionHotel.swift */,
				4DBDC3E32AB466970019FF7A /* CarouselPhoto.swift */,
				4DBDC3E52AB466AC0019FF7A /* Price.swift */,
				4DBDC3E72AB466C00019FF7A /* AdvantagesHotel.swift */,
			);
			path = ReapitingElements;
			sourceTree = "<group>";
		};
/* End PBXGroup section */

/* Begin PBXNativeTarget section */
		4DBDC3B62AB463210019FF7A /* HotelSwiftUI */ = {
			isa = PBXNativeTarget;
			buildConfigurationList = 4DBDC3C52AB463210019FF7A /* Build configuration list for PBXNativeTarget "HotelSwiftUI" */;
			buildPhases = (
				4DBDC3B32AB463210019FF7A /* Sources */,
				4DBDC3B42AB463210019FF7A /* Frameworks */,
				4DBDC3B52AB463210019FF7A /* Resources */,
			);
			buildRules = (
			);
			dependencies = (
			);
			name = HotelSwiftUI;
			productName = HotelSwiftUI;
			productReference = 4DBDC3B72AB463210019FF7A /* HotelSwiftUI.app */;
			productType = "com.apple.product-type.application";
		};
/* End PBXNativeTarget section */

/* Begin PBXProject section */
		4DBDC3AF2AB463210019FF7A /* Project object */ = {
			isa = PBXProject;
			attributes = {
				BuildIndependentTargetsInParallel = 1;
				LastSwiftUpdateCheck = 1430;
				LastUpgradeCheck = 1430;
				TargetAttributes = {
					4DBDC3B62AB463210019FF7A = {
						CreatedOnToolsVersion = 14.3;
					};
				};
			};
			buildConfigurationList = 4DBDC3B22AB463210019FF7A /* Build configuration list for PBXProject "HotelSwiftUI" */;
			compatibilityVersion = "Xcode 14.0";
			developmentRegion = en;
			hasScannedForEncodings = 0;
			knownRegions = (
				en,
				Base,
			);
			mainGroup = 4DBDC3AE2AB463210019FF7A;
			productRefGroup = 4DBDC3B82AB463210019FF7A /* Products */;
			projectDirPath = "";
			projectRoot = "";
			targets = (
				4DBDC3B62AB463210019FF7A /* HotelSwiftUI */,
			);
		};
/* End PBXProject section */

/* Begin PBXResourcesBuildPhase section */
		4DBDC3B52AB463210019FF7A /* Resources */ = {
			isa = PBXResourcesBuildPhase;
			buildActionMask = 2147483647;
			files = (
				4DBDC3C22AB463210019FF7A /* Preview Assets.xcassets in Resources */,
				4DBDC3BF2AB463210019FF7A /* Assets.xcassets in Resources */,
			);
			runOnlyForDeploymentPostprocessing = 0;
		};
/* End PBXResourcesBuildPhase section */

/* Begin PBXSourcesBuildPhase section */
		4DBDC3B32AB463210019FF7A /* Sources */ = {
			isa = PBXSourcesBuildPhase;
			buildActionMask = 2147483647;
			files = (
				4D80C7472AB49D7900890073 /* ModelReservatingInfo.swift in Sources */,
				4DBDC3DC2AB466080019FF7A /* HomeHotelSectionTwo.swift in Sources */,
				4D80C7502AB4C01A00890073 /* ReservationRoomSectionSix.swift in Sources */,
				4DBDC3BD2AB463210019FF7A /* ContentView.swift in Sources */,
				4D80C7432AB49CF900890073 /* ReservationRoomSectionOne.swift in Sources */,
				4D80C7542AB4C10000890073 /* ModelDetailedPrice.swift in Sources */,
				4D80C73D2AB4969100890073 /* InfoAboutRoom.swift in Sources */,
				4DBDC3E42AB466970019FF7A /* CarouselPhoto.swift in Sources */,
				4DBDC3BB2AB463210019FF7A /* HotelSwiftUIApp.swift in Sources */,
				4DBDC3E82AB466C00019FF7A /* AdvantagesHotel.swift in Sources */,
				4DBDC3D62AB465780019FF7A /* ModelServisHomeHotel.swift in Sources */,
				4DBDC3DA2AB465F50019FF7A /* HomeHotelSectionOne.swift in Sources */,
				4D80C7522AB4C0A500890073 /* ReservationRoomSectionSeven.swift in Sources */,
				4DBDC3E02AB466630019FF7A /* ServicesHomeHotel.swift in Sources */,
				4DBDC3E22AB4667E0019FF7A /* RatingNameLocetionHotel.swift in Sources */,
				4D80C74E2AB4BF9B00890073 /* ReservationRoomSectionFive.swift in Sources */,
				4DBDC3E62AB466AC0019FF7A /* Price.swift in Sources */,
				4D80C7492AB4AB1D00890073 /* ReservationRoomSectionThree.swift in Sources */,
				4DBDC3DE2AB4662B0019FF7A /* RoomsHotel.swift in Sources */,
				4D80C7452AB49D3500890073 /* ReservationRoomSectionTwo.swift in Sources */,
				4DBDC3D82AB465B20019FF7A /* HomeHotel.swift in Sources */,
				4D80C7402AB49A1E00890073 /* ReservationRoom.swift in Sources */,
				4D80C74C2AB4B8D400890073 /* ReservationRoomSectionFour.swift in Sources */,
				4DBDC3CE2AB464F70019FF7A /* ModelCaruselPhoto.swift in Sources */,
				4DBDC3D42AB465580019FF7A /* ModelAdvantagesHotel.swift in Sources */,
				4DBDC3EA2AB466E40019FF7A /* HotelInformation.swift in Sources */,
			);
			runOnlyForDeploymentPostprocessing = 0;
		};
/* End PBXSourcesBuildPhase section */

/* Begin XCBuildConfiguration section */
		4DBDC3C32AB463210019FF7A /* Debug */ = {
			isa = XCBuildConfiguration;
			buildSettings = {
				ALWAYS_SEARCH_USER_PATHS = NO;
				CLANG_ANALYZER_NONNULL = YES;
				CLANG_ANALYZER_NUMBER_OBJECT_CONVERSION = YES_AGGRESSIVE;
				CLANG_CXX_LANGUAGE_STANDARD = "gnu++20";
				CLANG_ENABLE_MODULES = YES;
				CLANG_ENABLE_OBJC_ARC = YES;
				CLANG_ENABLE_OBJC_WEAK = YES;
				CLANG_WARN_BLOCK_CAPTURE_AUTORELEASING = YES;
				CLANG_WARN_BOOL_CONVERSION = YES;
				CLANG_WARN_COMMA = YES;
				CLANG_WARN_CONSTANT_CONVERSION = YES;
				CLANG_WARN_DEPRECATED_OBJC_IMPLEMENTATIONS = YES;
				CLANG_WARN_DIRECT_OBJC_ISA_USAGE = YES_ERROR;
				CLANG_WARN_DOCUMENTATION_COMMENTS = YES;
				CLANG_WARN_EMPTY_BODY = YES;
				CLANG_WARN_ENUM_CONVERSION = YES;
				CLANG_WARN_INFINITE_RECURSION = YES;
				CLANG_WARN_INT_CONVERSION = YES;
				CLANG_WARN_NON_LITERAL_NULL_CONVERSION = YES;
				CLANG_WARN_OBJC_IMPLICIT_RETAIN_SELF = YES;
				CLANG_WARN_OBJC_LITERAL_CONVERSION = YES;
				CLANG_WARN_OBJC_ROOT_CLASS = YES_ERROR;
				CLANG_WARN_QUOTED_INCLUDE_IN_FRAMEWORK_HEADER = YES;
				CLANG_WARN_RANGE_LOOP_ANALYSIS = YES;
				CLANG_WARN_STRICT_PROTOTYPES = YES;
				CLANG_WARN_SUSPICIOUS_MOVE = YES;
				CLANG_WARN_UNGUARDED_AVAILABILITY = YES_AGGRESSIVE;
				CLANG_WARN_UNREACHABLE_CODE = YES;
				CLANG_WARN__DUPLICATE_METHOD_MATCH = YES;
				COPY_PHASE_STRIP = NO;
				DEBUG_INFORMATION_FORMAT = dwarf;
				ENABLE_STRICT_OBJC_MSGSEND = YES;
				ENABLE_TESTABILITY = YES;
				GCC_C_LANGUAGE_STANDARD = gnu11;
				GCC_DYNAMIC_NO_PIC = NO;
				GCC_NO_COMMON_BLOCKS = YES;
				GCC_OPTIMIZATION_LEVEL = 0;
				GCC_PREPROCESSOR_DEFINITIONS = (
					"DEBUG=1",
					"$(inherited)",
				);
				GCC_WARN_64_TO_32_BIT_CONVERSION = YES;
				GCC_WARN_ABOUT_RETURN_TYPE = YES_ERROR;
				GCC_WARN_UNDECLARED_SELECTOR = YES;
				GCC_WARN_UNINITIALIZED_AUTOS = YES_AGGRESSIVE;
				GCC_WARN_UNUSED_FUNCTION = YES;
				GCC_WARN_UNUSED_VARIABLE = YES;
				IPHONEOS_DEPLOYMENT_TARGET = 16.4;
				MTL_ENABLE_DEBUG_INFO = INCLUDE_SOURCE;
				MTL_FAST_MATH = YES;
				ONLY_ACTIVE_ARCH = YES;
				SDKROOT = iphoneos;
				SWIFT_ACTIVE_COMPILATION_CONDITIONS = DEBUG;
				SWIFT_OPTIMIZATION_LEVEL = "-Onone";
			};
			name = Debug;
		};
		4DBDC3C42AB463210019FF7A /* Release */ = {
			isa = XCBuildConfiguration;
			buildSettings = {
				ALWAYS_SEARCH_USER_PATHS = NO;
				CLANG_ANALYZER_NONNULL = YES;
				CLANG_ANALYZER_NUMBER_OBJECT_CONVERSION = YES_AGGRESSIVE;
				CLANG_CXX_LANGUAGE_STANDARD = "gnu++20";
				CLANG_ENABLE_MODULES = YES;
				CLANG_ENABLE_OBJC_ARC = YES;
				CLANG_ENABLE_OBJC_WEAK = YES;
				CLANG_WARN_BLOCK_CAPTURE_AUTORELEASING = YES;
				CLANG_WARN_BOOL_CONVERSION = YES;
				CLANG_WARN_COMMA = YES;
				CLANG_WARN_CONSTANT_CONVERSION = YES;
				CLANG_WARN_DEPRECATED_OBJC_IMPLEMENTATIONS = YES;
				CLANG_WARN_DIRECT_OBJC_ISA_USAGE = YES_ERROR;
				CLANG_WARN_DOCUMENTATION_COMMENTS = YES;
				CLANG_WARN_EMPTY_BODY = YES;
				CLANG_WARN_ENUM_CONVERSION = YES;
				CLANG_WARN_INFINITE_RECURSION = YES;
				CLANG_WARN_INT_CONVERSION = YES;
				CLANG_WARN_NON_LITERAL_NULL_CONVERSION = YES;
				CLANG_WARN_OBJC_IMPLICIT_RETAIN_SELF = YES;
				CLANG_WARN_OBJC_LITERAL_CONVERSION = YES;
				CLANG_WARN_OBJC_ROOT_CLASS = YES_ERROR;
				CLANG_WARN_QUOTED_INCLUDE_IN_FRAMEWORK_HEADER = YES;
				CLANG_WARN_RANGE_LOOP_ANALYSIS = YES;
				CLANG_WARN_STRICT_PROTOTYPES = YES;
				CLANG_WARN_SUSPICIOUS_MOVE = YES;
				CLANG_WARN_UNGUARDED_AVAILABILITY = YES_AGGRESSIVE;
				CLANG_WARN_UNREACHABLE_CODE = YES;
				CLANG_WARN__DUPLICATE_METHOD_MATCH = YES;
				COPY_PHASE_STRIP = NO;
				DEBUG_INFORMATION_FORMAT = "dwarf-with-dsym";
				ENABLE_NS_ASSERTIONS = NO;
				ENABLE_STRICT_OBJC_MSGSEND = YES;
				GCC_C_LANGUAGE_STANDARD = gnu11;
				GCC_NO_COMMON_BLOCKS = YES;
				GCC_WARN_64_TO_32_BIT_CONVERSION = YES;
				GCC_WARN_ABOUT_RETURN_TYPE = YES_ERROR;
				GCC_WARN_UNDECLARED_SELECTOR = YES;
				GCC_WARN_UNINITIALIZED_AUTOS = YES_AGGRESSIVE;
				GCC_WARN_UNUSED_FUNCTION = YES;
				GCC_WARN_UNUSED_VARIABLE = YES;
				IPHONEOS_DEPLOYMENT_TARGET = 16.4;
				MTL_ENABLE_DEBUG_INFO = NO;
				MTL_FAST_MATH = YES;
				SDKROOT = iphoneos;
				SWIFT_COMPILATION_MODE = wholemodule;
				SWIFT_OPTIMIZATION_LEVEL = "-O";
				VALIDATE_PRODUCT = YES;
			};
			name = Release;
		};
		4DBDC3C62AB463210019FF7A /* Debug */ = {
			isa = XCBuildConfiguration;
			buildSettings = {
				ASSETCATALOG_COMPILER_APPICON_NAME = AppIcon;
				ASSETCATALOG_COMPILER_GLOBAL_ACCENT_COLOR_NAME = AccentColor;
				CODE_SIGN_STYLE = Automatic;
				CURRENT_PROJECT_VERSION = 1;
				DEVELOPMENT_ASSET_PATHS = "\"HotelSwiftUI/Preview Content\"";
				DEVELOPMENT_TEAM = VC74QLS5AT;
				ENABLE_PREVIEWS = YES;
				GENERATE_INFOPLIST_FILE = YES;
				INFOPLIST_KEY_UIApplicationSceneManifest_Generation = YES;
				INFOPLIST_KEY_UIApplicationSupportsIndirectInputEvents = YES;
				INFOPLIST_KEY_UILaunchScreen_Generation = YES;
				INFOPLIST_KEY_UISupportedInterfaceOrientations_iPad = "UIInterfaceOrientationPortrait UIInterfaceOrientationPortraitUpsideDown UIInterfaceOrientationLandscapeLeft UIInterfaceOrientationLandscapeRight";
				INFOPLIST_KEY_UISupportedInterfaceOrientations_iPhone = "UIInterfaceOrientationPortrait UIInterfaceOrientationLandscapeLeft UIInterfaceOrientationLandscapeRight";
				LD_RUNPATH_SEARCH_PATHS = (
					"$(inherited)",
					"@executable_path/Frameworks",
				);
				MARKETING_VERSION = 1.0;
				PRODUCT_BUNDLE_IDENTIFIER = com.my.ValeriaDementyeva.HotelSwiftUI;
				PRODUCT_NAME = "$(TARGET_NAME)";
				SWIFT_EMIT_LOC_STRINGS = YES;
				SWIFT_VERSION = 5.0;
				TARGETED_DEVICE_FAMILY = "1,2";
			};
			name = Debug;
		};
		4DBDC3C72AB463210019FF7A /* Release */ = {
			isa = XCBuildConfiguration;
			buildSettings = {
				ASSETCATALOG_COMPILER_APPICON_NAME = AppIcon;
				ASSETCATALOG_COMPILER_GLOBAL_ACCENT_COLOR_NAME = AccentColor;
				CODE_SIGN_STYLE = Automatic;
				CURRENT_PROJECT_VERSION = 1;
				DEVELOPMENT_ASSET_PATHS = "\"HotelSwiftUI/Preview Content\"";
				DEVELOPMENT_TEAM = VC74QLS5AT;
				ENABLE_PREVIEWS = YES;
				GENERATE_INFOPLIST_FILE = YES;
				INFOPLIST_KEY_UIApplicationSceneManifest_Generation = YES;
				INFOPLIST_KEY_UIApplicationSupportsIndirectInputEvents = YES;
				INFOPLIST_KEY_UILaunchScreen_Generation = YES;
				INFOPLIST_KEY_UISupportedInterfaceOrientations_iPad = "UIInterfaceOrientationPortrait UIInterfaceOrientationPortraitUpsideDown UIInterfaceOrientationLandscapeLeft UIInterfaceOrientationLandscapeRight";
				INFOPLIST_KEY_UISupportedInterfaceOrientations_iPhone = "UIInterfaceOrientationPortrait UIInterfaceOrientationLandscapeLeft UIInterfaceOrientationLandscapeRight";
				LD_RUNPATH_SEARCH_PATHS = (
					"$(inherited)",
					"@executable_path/Frameworks",
				);
				MARKETING_VERSION = 1.0;
				PRODUCT_BUNDLE_IDENTIFIER = com.my.ValeriaDementyeva.HotelSwiftUI;
				PRODUCT_NAME = "$(TARGET_NAME)";
				SWIFT_EMIT_LOC_STRINGS = YES;
				SWIFT_VERSION = 5.0;
				TARGETED_DEVICE_FAMILY = "1,2";
			};
			name = Release;
		};
/* End XCBuildConfiguration section */

/* Begin XCConfigurationList section */
		4DBDC3B22AB463210019FF7A /* Build configuration list for PBXProject "HotelSwiftUI" */ = {
			isa = XCConfigurationList;
			buildConfigurations = (
				4DBDC3C32AB463210019FF7A /* Debug */,
				4DBDC3C42AB463210019FF7A /* Release */,
			);
			defaultConfigurationIsVisible = 0;
			defaultConfigurationName = Release;
		};
		4DBDC3C52AB463210019FF7A /* Build configuration list for PBXNativeTarget "HotelSwiftUI" */ = {
			isa = XCConfigurationList;
			buildConfigurations = (
				4DBDC3C62AB463210019FF7A /* Debug */,
				4DBDC3C72AB463210019FF7A /* Release */,
			);
			defaultConfigurationIsVisible = 0;
			defaultConfigurationName = Release;
		};
/* End XCConfigurationList section */
	};
	rootObject = 4DBDC3AF2AB463210019FF7A /* Project object */;
}
